
Microsoft Visual Studio Solution File, Format Version 12.00
# Visual Studio Version 16
VisualStudioVersion = 16.0.32510.428
MinimumVisualStudioVersion = 10.0.40219.1
Project("{FAE04EC0-301F-11D3-BF4B-00C04F79EFBC}") = "Notes.Android", "NewNotes\NewNotes.Android\Notes.Android.csproj", "{7FAFD2F3-F455-454B-8C46-CC8857275DBD}"
EndProject
Project("{FAE04EC0-301F-11D3-BF4B-00C04F79EFBC}") = "Notes.iOS", "NewNotes\NewNotes.iOS\Notes.iOS.csproj", "{DBAA06A6-EF07-4DB9-BAE4-896AF50631F7}"
EndProject
Project("{9A19103F-16F7-4668-BE54-9A1E7A4F7556}") = "Notes", "NewNotes\NewNotes\Notes.csproj", "{38EB4B2B-5F43-4CFF-B978-DE39EE2D0488}"
EndProject
Global
	GlobalSection(SolutionConfigurationPlatforms) = preSolution
		Debug|Any CPU = Debug|Any CPU
		Debug|iPhone = Debug|iPhone
		Debug|iPhoneSimulator = Debug|iPhoneSimulator
		Debug|x64 = Debug|x64
		Release|Any CPU = Release|Any CPU
		Release|iPhone = Release|iPhone
		Release|iPhoneSimulator = Release|iPhoneSimulator
		Release|x64 = Release|x64
	EndGlobalSection
	GlobalSection(ProjectConfigurationPlatforms) = postSolution
		{7FAFD2F3-F455-454B-8C46-CC8857275DBD}.Debug|Any CPU.ActiveCfg = Debug|Any CPU
		{7FAFD2F3-F455-454B-8C46-CC8857275DBD}.Debug|Any CPU.Build.0 = Debug|Any CPU
		{7FAFD2F3-F455-454B-8C46-CC8857275DBD}.Debug|Any CPU.Deploy.0 = Debug|Any CPU
		{7FAFD2F3-F455-454B-8C46-CC8857275DBD}.Debug|iPhone.ActiveCfg = Debug|Any CPU
		{7FAFD2F3-F455-454B-8C46-CC8857275DBD}.Debug|iPhone.Build.0 = Debug|Any CPU
		{7FAFD2F3-F455-454B-8C46-CC8857275DBD}.Debug|iPhone.Deploy.0 = Debug|Any CPU
		{7FAFD2F3-F455-454B-8C46-CC8857275DBD}.Debug|iPhoneSimulator.ActiveCfg = Debug|Any CPU
		{7FAFD2F3-F455-454B-8C46-CC8857275DBD}.Debug|iPhoneSimulator.Build.0 = Debug|Any CPU
		{7FAFD2F3-F455-454B-8C46-CC8857275DBD}.Debug|iPhoneSimulator.Deploy.0 = Debug|Any CPU
		{7FAFD2F3-F455-454B-8C46-CC8857275DBD}.Debug|x64.ActiveCfg = Debug|x64
		{7FAFD2F3-F455-454B-8C46-CC8857275DBD}.Debug|x64.Build.0 = Debug|x64
		{7FAFD2F3-F455-454B-8C46-CC8857275DBD}.Debug|x64.Deploy.0 = Debug|x64
		{7FAFD2F3-F455-454B-8C46-CC8857275DBD}.Release|Any CPU.ActiveCfg = Release|Any CPU
		{7FAFD2F3-F455-454B-8C46-CC8857275DBD}.Release|Any CPU.Build.0 = Release|Any CPU
		{7FAFD2F3-F455-454B-8C46-CC8857275DBD}.Release|Any CPU.Deploy.0 = Release|Any CPU
		{7FAFD2F3-F455-454B-8C46-CC8857275DBD}.Release|iPhone.ActiveCfg = Release|Any CPU
		{7FAFD2F3-F455-454B-8C46-CC8857275DBD}.Release|iPhone.Build.0 = Release|Any CPU
		{7FAFD2F3-F455-454B-8C46-CC8857275DBD}.Release|iPhone.Deploy.0 = Release|Any CPU
		{7FAFD2F3-F455-454B-8C46-CC8857275DBD}.Release|iPhoneSimulator.ActiveCfg = Release|Any CPU
		{7FAFD2F3-F455-454B-8C46-CC8857275DBD}.Release|iPhoneSimulator.Build.0 = Release|Any CPU
		{7FAFD2F3-F455-454B-8C46-CC8857275DBD}.Release|iPhoneSimulator.Deploy.0 = Release|Any CPU
		{7FAFD2F3-F455-454B-8C46-CC8857275DBD}.Release|x64.ActiveCfg = Release|x64
		{7FAFD2F3-F455-454B-8C46-CC8857275DBD}.Release|x64.Build.0 = Release|x64
		{7FAFD2F3-F455-454B-8C46-CC8857275DBD}.Release|x64.Deploy.0 = Release|x64
		{DBAA06A6-EF07-4DB9-BAE4-896AF50631F7}.Debug|Any CPU.ActiveCfg = Debug|iPhone
		{DBAA06A6-EF07-4DB9-BAE4-896AF50631F7}.Debug|Any CPU.Build.0 = Debug|iPhone
		{DBAA06A6-EF07-4DB9-BAE4-896AF50631F7}.Debug|Any CPU.Deploy.0 = Debug|iPhone
		{DBAA06A6-EF07-4DB9-BAE4-896AF50631F7}.Debug|iPhone.ActiveCfg = Debug|iPhone
		{DBAA06A6-EF07-4DB9-BAE4-896AF50631F7}.Debug|iPhone.Build.0 = Debug|iPhone
		{DBAA06A6-EF07-4DB9-BAE4-896AF50631F7}.Debug|iPhone.Deploy.0 = Debug|iPhone
		{DBAA06A6-EF07-4DB9-BAE4-896AF50631F7}.Debug|iPhoneSimulator.ActiveCfg = Debug|iPhoneSimulator
		{DBAA06A6-EF07-4DB9-BAE4-896AF50631F7}.Debug|iPhoneSimulator.Build.0 = Debug|iPhoneSimulator
		{DBAA06A6-EF07-4DB9-BAE4-896AF50631F7}.Debug|iPhoneSimulator.Deploy.0 = Debug|iPhoneSimulator
		{DBAA06A6-EF07-4DB9-BAE4-896AF50631F7}.Debug|x64.ActiveCfg = Debug|iPhoneSimulator
		{DBAA06A6-EF07-4DB9-BAE4-896AF50631F7}.Release|Any CPU.ActiveCfg = Release|iPhoneSimulator
		{DBAA06A6-EF07-4DB9-BAE4-896AF50631F7}.Release|Any CPU.Build.0 = Release|iPhoneSimulator
		{DBAA06A6-EF07-4DB9-BAE4-896AF50631F7}.Release|Any CPU.Deploy.0 = Release|iPhoneSimulator
		{DBAA06A6-EF07-4DB9-BAE4-896AF50631F7}.Release|iPhone.ActiveCfg = Release|iPhone
		{DBAA06A6-EF07-4DB9-BAE4-896AF50631F7}.Release|iPhone.Build.0 = Release|iPhone
		{DBAA06A6-EF07-4DB9-BAE4-896AF50631F7}.Release|iPhone.Deploy.0 = Release|iPhone
		{DBAA06A6-EF07-4DB9-BAE4-896AF50631F7}.Release|iPhoneSimulator.ActiveCfg = Release|iPhoneSimulator
		{DBAA06A6-EF07-4DB9-BAE4-896AF50631F7}.Release|iPhoneSimulator.Build.0 = Release|iPhoneSimulator
		{DBAA06A6-EF07-4DB9-BAE4-896AF50631F7}.Release|iPhoneSimulator.Deploy.0 = Release|iPhoneSimulator
		{DBAA06A6-EF07-4DB9-BAE4-896AF50631F7}.Release|x64.ActiveCfg = Release|iPhone
		{38EB4B2B-5F43-4CFF-B978-DE39EE2D0488}.Debug|Any CPU.ActiveCfg = Debug|Any CPU
		{38EB4B2B-5F43-4CFF-B978-DE39EE2D0488}.Debug|Any CPU.Build.0 = Debug|Any CPU
		{38EB4B2B-5F43-4CFF-B978-DE39EE2D0488}.Debug|Any CPU.Deploy.0 = Debug|Any CPU
		{38EB4B2B-5F43-4CFF-B978-DE39EE2D0488}.Debug|iPhone.ActiveCfg = Debug|Any CPU
		{38EB4B2B-5F43-4CFF-B978-DE39EE2D0488}.Debug|iPhone.Build.0 = Debug|Any CPU
		{38EB4B2B-5F43-4CFF-B978-DE39EE2D0488}.Debug|iPhone.Deploy.0 = Debug|Any CPU
		{38EB4B2B-5F43-4CFF-B978-DE39EE2D0488}.Debug|iPhoneSimulator.ActiveCfg = Debug|Any CPU
		{38EB4B2B-5F43-4CFF-B978-DE39EE2D0488}.Debug|iPhoneSimulator.Build.0 = Debug|Any CPU
		{38EB4B2B-5F43-4CFF-B978-DE39EE2D0488}.Debug|iPhoneSimulator.Deploy.0 = Debug|Any CPU
		{38EB4B2B-5F43-4CFF-B978-DE39EE2D0488}.Debug|x64.ActiveCfg = Debug|Any CPU
		{38EB4B2B-5F43-4CFF-B978-DE39EE2D0488}.Debug|x64.Build.0 = Debug|Any CPU
		{38EB4B2B-5F43-4CFF-B978-DE39EE2D0488}.Release|Any CPU.ActiveCfg = Release|Any CPU
		{38EB4B2B-5F43-4CFF-B978-DE39EE2D0488}.Release|Any CPU.Build.0 = Release|Any CPU
		{38EB4B2B-5F43-4CFF-B978-DE39EE2D0488}.Release|Any CPU.Deploy.0 = Release|Any CPU
		{38EB4B2B-5F43-4CFF-B978-DE39EE2D0488}.Release|iPhone.ActiveCfg = Release|Any CPU
		{38EB4B2B-5F43-4CFF-B978-DE39EE2D0488}.Release|iPhone.Build.0 = Release|Any CPU
		{38EB4B2B-5F43-4CFF-B978-DE39EE2D0488}.Release|iPhone.Deploy.0 = Release|Any CPU
		{38EB4B2B-5F43-4CFF-B978-DE39EE2D0488}.Release|iPhoneSimulator.ActiveCfg = Release|Any CPU
		{38EB4B2B-5F43-4CFF-B978-DE39EE2D0488}.Release|iPhoneSimulator.Build.0 = Release|Any CPU
		{38EB4B2B-5F43-4CFF-B978-DE39EE2D0488}.Release|iPhoneSimulator.Deploy.0 = Release|Any CPU
		{38EB4B2B-5F43-4CFF-B978-DE39EE2D0488}.Release|x64.ActiveCfg = Release|Any CPU
		{38EB4B2B-5F43-4CFF-B978-DE39EE2D0488}.Release|x64.Build.0 = Release|Any CPU
	EndGlobalSection
	GlobalSection(SolutionProperties) = preSolution
		HideSolutionNode = FALSE
	EndGlobalSection
	GlobalSection(ExtensibilityGlobals) = postSolution
		SolutionGuid = {781EC7A3-F756-40C0-A1E0-EE4C435F4CDD}
	EndGlobalSection
EndGlobal
